
Microsoft Visual Studio Solution File, Format Version 12.00
# Visual Studio Version 17
VisualStudioVersion = 17.3.32804.467
MinimumVisualStudioVersion = 10.0.40219.1
Project("{9A19103F-16F7-4668-BE54-9A1E7A4F7556}") = "ConsoleAppForModule_3", "ConsoleAppForModule_3\ConsoleAppForModule_3.csproj", "{F093F405-4B84-41B9-AC7F-52D97F000F47}"
EndProject
Project("{FAE04EC0-301F-11D3-BF4B-00C04F79EFBC}") = "ConsoleAppForModule_4", "ConsoleAppForModule_4\ConsoleAppForModule_4.csproj", "{0A2441B4-23E3-458A-89EF-8EB837252FC7}"
EndProject
Global
	GlobalSection(SolutionConfigurationPlatforms) = preSolution
		Debug|Any CPU = Debug|Any CPU
		Release|Any CPU = Release|Any CPU
	EndGlobalSection
	GlobalSection(ProjectConfigurationPlatforms) = postSolution
		{F093F405-4B84-41B9-AC7F-52D97F000F47}.Debug|Any CPU.ActiveCfg = Debug|Any CPU
		{F093F405-4B84-41B9-AC7F-52D97F000F47}.Debug|Any CPU.Build.0 = Debug|Any CPU
		{F093F405-4B84-41B9-AC7F-52D97F000F47}.Release|Any CPU.ActiveCfg = Release|Any CPU
		{F093F405-4B84-41B9-AC7F-52D97F000F47}.Release|Any CPU.Build.0 = Release|Any CPU
		{0A2441B4-23E3-458A-89EF-8EB837252FC7}.Debug|Any CPU.ActiveCfg = Debug|Any CPU
		{0A2441B4-23E3-458A-89EF-8EB837252FC7}.Debug|Any CPU.Build.0 = Debug|Any CPU
		{0A2441B4-23E3-458A-89EF-8EB837252FC7}.Release|Any CPU.ActiveCfg = Release|Any CPU
		{0A2441B4-23E3-458A-89EF-8EB837252FC7}.Release|Any CPU.Build.0 = Release|Any CPU
	EndGlobalSection
	GlobalSection(SolutionProperties) = preSolution
		HideSolutionNode = FALSE
	EndGlobalSection
	GlobalSection(ExtensibilityGlobals) = postSolution
		SolutionGuid = {0114434C-82CF-401D-9CC2-F9B08DAE389E}
	EndGlobalSection
EndGlobal
